Microsoft Visual Studio Solution File, Format Version 12.00
# Visual Studio 2012
Project("{FAE04EC0-301F-11D3-BF4B-00C04F79EFBC}") = "InitializeDB", "InitializeDB\InitializeDB.csproj", "{707DAD7F-5632-4AD7-860E-73A181C52EE2}"
EndProject
Project("{FAE04EC0-301F-11D3-BF4B-00C04F79EFBC}") = "ProjectGenNHibernate", "ProjectGenNHibernate\ProjectGenNHibernate.csproj", "{66C66636-FD6A-4A3F-A7C5-FE88BBA117AF}"
EndProject
Project("{E24C65DC-7377-472B-9ABA-BC803B73C61A}") = "Website1(4)", "http://localhost:2701", "{D13FE4A2-C6BE-4102-ABF2-18880AF1FF68}"
	ProjectSection(WebsiteProperties) = preProject
		UseIISExpress = "true"
		TargetFrameworkMoniker = ".NETFramework,Version%3Dv4.5"
		ProjectReferences = "{66c66636-fd6a-4a3f-a7c5-fe88bba117af}|ProjectGenNHibernate.dll;"
		Debug.AspNetCompiler.VirtualPath = "/localhost_2701"
		Debug.AspNetCompiler.PhysicalPath = "Websites\Website1\"
		Debug.AspNetCompiler.TargetPath = "PrecompiledWeb\localhost_2701\"
		Debug.AspNetCompiler.Updateable = "true"
		Debug.AspNetCompiler.ForceOverwrite = "true"
		Debug.AspNetCompiler.FixedNames = "false"
		Debug.AspNetCompiler.Debug = "True"
		Release.AspNetCompiler.VirtualPath = "/localhost_2701"
		Release.AspNetCompiler.PhysicalPath = "Websites\Website1\"
		Release.AspNetCompiler.TargetPath = "PrecompiledWeb\localhost_2701\"
		Release.AspNetCompiler.Updateable = "true"
		Release.AspNetCompiler.ForceOverwrite = "true"
		Release.AspNetCompiler.FixedNames = "false"
		Release.AspNetCompiler.Debug = "False"
		SlnRelativePath = "Websites\Website1\"
		DefaultWebSiteLanguage = "Visual C#"
	EndProjectSection
EndProject
Global
	GlobalSection(SolutionConfigurationPlatforms) = preSolution
		Debug|Any CPU = Debug|Any CPU
		Debug|Mixed Platforms = Debug|Mixed Platforms
		Debug|x86 = Debug|x86
		Release|Any CPU = Release|Any CPU
		Release|Mixed Platforms = Release|Mixed Platforms
		Release|x86 = Release|x86
	EndGlobalSection
	GlobalSection(ProjectConfigurationPlatforms) = postSolution
		{707DAD7F-5632-4AD7-860E-73A181C52EE2}.Debug|Any CPU.ActiveCfg = Debug|x86
		{707DAD7F-5632-4AD7-860E-73A181C52EE2}.Debug|Mixed Platforms.ActiveCfg = Debug|x86
		{707DAD7F-5632-4AD7-860E-73A181C52EE2}.Debug|Mixed Platforms.Build.0 = Debug|x86
		{707DAD7F-5632-4AD7-860E-73A181C52EE2}.Debug|x86.ActiveCfg = Debug|x86
		{707DAD7F-5632-4AD7-860E-73A181C52EE2}.Debug|x86.Build.0 = Debug|x86
		{707DAD7F-5632-4AD7-860E-73A181C52EE2}.Release|Any CPU.ActiveCfg = Release|x86
		{707DAD7F-5632-4AD7-860E-73A181C52EE2}.Release|Mixed Platforms.ActiveCfg = Release|x86
		{707DAD7F-5632-4AD7-860E-73A181C52EE2}.Release|Mixed Platforms.Build.0 = Release|x86
		{707DAD7F-5632-4AD7-860E-73A181C52EE2}.Release|x86.ActiveCfg = Release|x86
		{707DAD7F-5632-4AD7-860E-73A181C52EE2}.Release|x86.Build.0 = Release|x86
		{66C66636-FD6A-4A3F-A7C5-FE88BBA117AF}.Debug|Any CPU.ActiveCfg = Debug|Any CPU
		{66C66636-FD6A-4A3F-A7C5-FE88BBA117AF}.Debug|Any CPU.Build.0 = Debug|Any CPU
		{66C66636-FD6A-4A3F-A7C5-FE88BBA117AF}.Debug|Mixed Platforms.ActiveCfg = Debug|Any CPU
		{66C66636-FD6A-4A3F-A7C5-FE88BBA117AF}.Debug|Mixed Platforms.Build.0 = Debug|Any CPU
		{66C66636-FD6A-4A3F-A7C5-FE88BBA117AF}.Debug|x86.ActiveCfg = Debug|Any CPU
		{66C66636-FD6A-4A3F-A7C5-FE88BBA117AF}.Release|Any CPU.ActiveCfg = Release|Any CPU
		{66C66636-FD6A-4A3F-A7C5-FE88BBA117AF}.Release|Any CPU.Build.0 = Release|Any CPU
		{66C66636-FD6A-4A3F-A7C5-FE88BBA117AF}.Release|Mixed Platforms.ActiveCfg = Release|Any CPU
		{66C66636-FD6A-4A3F-A7C5-FE88BBA117AF}.Release|Mixed Platforms.Build.0 = Release|Any CPU
		{66C66636-FD6A-4A3F-A7C5-FE88BBA117AF}.Release|x86.ActiveCfg = Release|Any CPU
		{D13FE4A2-C6BE-4102-ABF2-18880AF1FF68}.Debug|Any CPU.ActiveCfg = Debug|Any CPU
		{D13FE4A2-C6BE-4102-ABF2-18880AF1FF68}.Debug|Any CPU.Build.0 = Debug|Any CPU
		{D13FE4A2-C6BE-4102-ABF2-18880AF1FF68}.Debug|Mixed Platforms.ActiveCfg = Debug|Any CPU
		{D13FE4A2-C6BE-4102-ABF2-18880AF1FF68}.Debug|Mixed Platforms.Build.0 = Debug|Any CPU
		{D13FE4A2-C6BE-4102-ABF2-18880AF1FF68}.Debug|x86.ActiveCfg = Debug|Any CPU
		{D13FE4A2-C6BE-4102-ABF2-18880AF1FF68}.Release|Any CPU.ActiveCfg = Debug|Any CPU
		{D13FE4A2-C6BE-4102-ABF2-18880AF1FF68}.Release|Any CPU.Build.0 = Debug|Any CPU
		{D13FE4A2-C6BE-4102-ABF2-18880AF1FF68}.Release|Mixed Platforms.ActiveCfg = Debug|Any CPU
		{D13FE4A2-C6BE-4102-ABF2-18880AF1FF68}.Release|Mixed Platforms.Build.0 = Debug|Any CPU
		{D13FE4A2-C6BE-4102-ABF2-18880AF1FF68}.Release|x86.ActiveCfg = Debug|Any CPU
	EndGlobalSection
	GlobalSection(SolutionProperties) = preSolution
		HideSolutionNode = FALSE
	EndGlobalSection
EndGlobal
